
Microsoft Visual Studio Solution File, Format Version 12.00
# Visual Studio 2015
Project("{FAE04EC0-301F-11D3-BF4B-00C04F79EFBC}") = "DRJ_Rogalik.CSharp", "DRJ_Rogalik.CSharp.csproj", "{5152859D-7323-0707-CA8C-9D0C3B3C7AED}"
EndProject
Global
	GlobalSection(SolutionConfigurationPlatforms) = preSolution
		Debug|Any CPU = Debug|Any CPU
		Release|Any CPU = Release|Any CPU
	EndGlobalSection
	GlobalSection(ProjectConfigurationPlatforms) = postSolution
		{5152859D-7323-0707-CA8C-9D0C3B3C7AED}.Debug|Any CPU.ActiveCfg = Debug|Any CPU
		{5152859D-7323-0707-CA8C-9D0C3B3C7AED}.Debug|Any CPU.Build.0 = Debug|Any CPU
		{5152859D-7323-0707-CA8C-9D0C3B3C7AED}.Release|Any CPU.ActiveCfg = Release|Any CPU
		{5152859D-7323-0707-CA8C-9D0C3B3C7AED}.Release|Any CPU.Build.0 = Release|Any CPU
	EndGlobalSection
	GlobalSection(SolutionProperties) = preSolution
		HideSolutionNode = FALSE
	EndGlobalSection
EndGlobal
